# This file is automatically @generated by Cargo.
# It is not intended for manual editing.
version = 4

[[package]]
name = "bare-addon-rust"
version = "0.0.0"
dependencies = [
 "bare-rust",
]

[[package]]
name = "bare-rust"
version = "0.0.0"
source = "git+ssh://github.com/holepunchto/bare-rust.git#e3597985091c9b60d8c9a4ff459fb812829aa5ba"
dependencies = [
 "bare-rust-ffi",
]

[[package]]
name = "bare-rust-ffi"
version = "0.0.0"
source = "git+ssh://github.com/holepunchto/bare-rust.git#e3597985091c9b60d8c9a4ff459fb812829aa5ba"
