# This file is automatically @generated by Cargo.
# It is not intended for manual editing.
version = 4

[[package]]
name = "bare-addon-rust"
version = "0.0.0"
dependencies = [
 "bare-rust",
]

[[package]]
name = "bare-rust"
version = "0.0.11"
source = "registry+https://github.com/rust-lang/crates.io-index"
checksum = "a77084b4dd339de3efda16c29d659b76d264ba4942913f00c5566b403b85cf65"
dependencies = [
 "bare-rust-ffi",
]

[[package]]
name = "bare-rust-ffi"
version = "0.0.2"
source = "registry+https://github.com/rust-lang/crates.io-index"
checksum = "4a7608d0393139d012c1daf85347129a1da868fae33a51b96c9e712420750fcb"
