# This file is automatically @generated by Cargo.
# It is not intended for manual editing.
version = 4

[[package]]
name = "bare-addon-rust"
version = "0.0.0"
dependencies = [
 "bare-rust",
]

[[package]]
name = "bare-rust"
version = "0.0.1"
source = "registry+https://github.com/rust-lang/crates.io-index"
checksum = "0b21256df0d9f1b482cac39b9a284a222faeeb4178736fc56866ba38e7bf38a5"
dependencies = [
 "bare-rust-ffi",
]

[[package]]
name = "bare-rust-ffi"
version = "0.0.1"
source = "registry+https://github.com/rust-lang/crates.io-index"
checksum = "ab5ef3c271a325ded4f7fd0bb525136c33d9b31696fe8f832375d530b8f6572d"
